
Microsoft Visual Studio Solution File, Format Version 12.00
# Visual Studio 14
VisualStudioVersion = 14.0.25420.1
MinimumVisualStudioVersion = 10.0.40219.1
Project("{FAE04EC0-301F-11D3-BF4B-00C04F79EFBC}") = "ParkIT.Android", "ParkIT\ParkIT.Android\ParkIT.Android.csproj", "{254BEBF3-567A-4969-8695-112140D20941}"
EndProject
Project("{FAE04EC0-301F-11D3-BF4B-00C04F79EFBC}") = "ParkIT", "ParkIT\ParkIT\ParkIT.csproj", "{C0299D8F-EFF5-4070-A083-7DFB86FEA588}"
EndProject
Project("{FAE04EC0-301F-11D3-BF4B-00C04F79EFBC}") = "ParkIT.iOS", "ParkIT\ParkIT.iOS\ParkIT.iOS.csproj", "{EF88B895-AED3-44DF-9C87-4EC09731D2FD}"
EndProject
Global
	GlobalSection(SolutionConfigurationPlatforms) = preSolution
		Ad-Hoc|Any CPU = Ad-Hoc|Any CPU
		Ad-Hoc|iPhone = Ad-Hoc|iPhone
		Ad-Hoc|iPhoneSimulator = Ad-Hoc|iPhoneSimulator
		AppStore|Any CPU = AppStore|Any CPU
		AppStore|iPhone = AppStore|iPhone
		AppStore|iPhoneSimulator = AppStore|iPhoneSimulator
		Debug|Any CPU = Debug|Any CPU
		Debug|iPhone = Debug|iPhone
		Debug|iPhoneSimulator = Debug|iPhoneSimulator
		Release|Any CPU = Release|Any CPU
		Release|iPhone = Release|iPhone
		Release|iPhoneSimulator = Release|iPhoneSimulator
	EndGlobalSection
	GlobalSection(ProjectConfigurationPlatforms) = postSolution
		{254BEBF3-567A-4969-8695-112140D20941}.Ad-Hoc|Any CPU.ActiveCfg = Release|Any CPU
		{254BEBF3-567A-4969-8695-112140D20941}.Ad-Hoc|Any CPU.Build.0 = Release|Any CPU
		{254BEBF3-567A-4969-8695-112140D20941}.Ad-Hoc|Any CPU.Deploy.0 = Release|Any CPU
		{254BEBF3-567A-4969-8695-112140D20941}.Ad-Hoc|iPhone.ActiveCfg = Release|Any CPU
		{254BEBF3-567A-4969-8695-112140D20941}.Ad-Hoc|iPhone.Build.0 = Release|Any CPU
		{254BEBF3-567A-4969-8695-112140D20941}.Ad-Hoc|iPhone.Deploy.0 = Release|Any CPU
		{254BEBF3-567A-4969-8695-112140D20941}.Ad-Hoc|iPhoneSimulator.ActiveCfg = Release|Any CPU
		{254BEBF3-567A-4969-8695-112140D20941}.Ad-Hoc|iPhoneSimulator.Build.0 = Release|Any CPU
		{254BEBF3-567A-4969-8695-112140D20941}.Ad-Hoc|iPhoneSimulator.Deploy.0 = Release|Any CPU
		{254BEBF3-567A-4969-8695-112140D20941}.AppStore|Any CPU.ActiveCfg = Release|Any CPU
		{254BEBF3-567A-4969-8695-112140D20941}.AppStore|Any CPU.Build.0 = Release|Any CPU
		{254BEBF3-567A-4969-8695-112140D20941}.AppStore|Any CPU.Deploy.0 = Release|Any CPU
		{254BEBF3-567A-4969-8695-112140D20941}.AppStore|iPhone.ActiveCfg = Release|Any CPU
		{254BEBF3-567A-4969-8695-112140D20941}.AppStore|iPhone.Build.0 = Release|Any CPU
		{254BEBF3-567A-4969-8695-112140D20941}.AppStore|iPhone.Deploy.0 = Release|Any CPU
		{254BEBF3-567A-4969-8695-112140D20941}.AppStore|iPhoneSimulator.ActiveCfg = Release|Any CPU
		{254BEBF3-567A-4969-8695-112140D20941}.AppStore|iPhoneSimulator.Build.0 = Release|Any CPU
		{254BEBF3-567A-4969-8695-112140D20941}.AppStore|iPhoneSimulator.Deploy.0 = Release|Any CPU
		{254BEBF3-567A-4969-8695-112140D20941}.Debug|Any CPU.ActiveCfg = Debug|Any CPU
		{254BEBF3-567A-4969-8695-112140D20941}.Debug|Any CPU.Build.0 = Debug|Any CPU
		{254BEBF3-567A-4969-8695-112140D20941}.Debug|Any CPU.Deploy.0 = Debug|Any CPU
		{254BEBF3-567A-4969-8695-112140D20941}.Debug|iPhone.ActiveCfg = Debug|Any CPU
		{254BEBF3-567A-4969-8695-112140D20941}.Debug|iPhone.Build.0 = Debug|Any CPU
		{254BEBF3-567A-4969-8695-112140D20941}.Debug|iPhone.Deploy.0 = Debug|Any CPU
		{254BEBF3-567A-4969-8695-112140D20941}.Debug|iPhoneSimulator.ActiveCfg = Debug|Any CPU
		{254BEBF3-567A-4969-8695-112140D20941}.Debug|iPhoneSimulator.Build.0 = Debug|Any CPU
		{254BEBF3-567A-4969-8695-112140D20941}.Debug|iPhoneSimulator.Deploy.0 = Debug|Any CPU
		{254BEBF3-567A-4969-8695-112140D20941}.Release|Any CPU.ActiveCfg = Release|Any CPU
		{254BEBF3-567A-4969-8695-112140D20941}.Release|Any CPU.Build.0 = Release|Any CPU
		{254BEBF3-567A-4969-8695-112140D20941}.Release|Any CPU.Deploy.0 = Release|Any CPU
		{254BEBF3-567A-4969-8695-112140D20941}.Release|iPhone.ActiveCfg = Release|Any CPU
		{254BEBF3-567A-4969-8695-112140D20941}.Release|iPhone.Build.0 = Release|Any CPU
		{254BEBF3-567A-4969-8695-112140D20941}.Release|iPhone.Deploy.0 = Release|Any CPU
		{254BEBF3-567A-4969-8695-112140D20941}.Release|iPhoneSimulator.ActiveCfg = Release|Any CPU
		{254BEBF3-567A-4969-8695-112140D20941}.Release|iPhoneSimulator.Build.0 = Release|Any CPU
		{254BEBF3-567A-4969-8695-112140D20941}.Release|iPhoneSimulator.Deploy.0 = Release|Any CPU
		{C0299D8F-EFF5-4070-A083-7DFB86FEA588}.Ad-Hoc|Any CPU.ActiveCfg = Release|Any CPU
		{C0299D8F-EFF5-4070-A083-7DFB86FEA588}.Ad-Hoc|Any CPU.Build.0 = Release|Any CPU
		{C0299D8F-EFF5-4070-A083-7DFB86FEA588}.Ad-Hoc|Any CPU.Deploy.0 = Release|Any CPU
		{C0299D8F-EFF5-4070-A083-7DFB86FEA588}.Ad-Hoc|iPhone.ActiveCfg = Release|Any CPU
		{C0299D8F-EFF5-4070-A083-7DFB86FEA588}.Ad-Hoc|iPhone.Build.0 = Release|Any CPU
		{C0299D8F-EFF5-4070-A083-7DFB86FEA588}.Ad-Hoc|iPhone.Deploy.0 = Release|Any CPU
		{C0299D8F-EFF5-4070-A083-7DFB86FEA588}.Ad-Hoc|iPhoneSimulator.ActiveCfg = Release|Any CPU
		{C0299D8F-EFF5-4070-A083-7DFB86FEA588}.Ad-Hoc|iPhoneSimulator.Build.0 = Release|Any CPU
		{C0299D8F-EFF5-4070-A083-7DFB86FEA588}.Ad-Hoc|iPhoneSimulator.Deploy.0 = Release|Any CPU
		{C0299D8F-EFF5-4070-A083-7DFB86FEA588}.AppStore|Any CPU.ActiveCfg = Release|Any CPU
		{C0299D8F-EFF5-4070-A083-7DFB86FEA588}.AppStore|Any CPU.Build.0 = Release|Any CPU
		{C0299D8F-EFF5-4070-A083-7DFB86FEA588}.AppStore|Any CPU.Deploy.0 = Release|Any CPU
		{C0299D8F-EFF5-4070-A083-7DFB86FEA588}.AppStore|iPhone.ActiveCfg = Release|Any CPU
		{C0299D8F-EFF5-4070-A083-7DFB86FEA588}.AppStore|iPhone.Build.0 = Release|Any CPU
		{C0299D8F-EFF5-4070-A083-7DFB86FEA588}.AppStore|iPhone.Deploy.0 = Release|Any CPU
		{C0299D8F-EFF5-4070-A083-7DFB86FEA588}.AppStore|iPhoneSimulator.ActiveCfg = Release|Any CPU
		{C0299D8F-EFF5-4070-A083-7DFB86FEA588}.AppStore|iPhoneSimulator.Build.0 = Release|Any CPU
		{C0299D8F-EFF5-4070-A083-7DFB86FEA588}.AppStore|iPhoneSimulator.Deploy.0 = Release|Any CPU
		{C0299D8F-EFF5-4070-A083-7DFB86FEA588}.Debug|Any CPU.ActiveCfg = Debug|Any CPU
		{C0299D8F-EFF5-4070-A083-7DFB86FEA588}.Debug|Any CPU.Build.0 = Debug|Any CPU
		{C0299D8F-EFF5-4070-A083-7DFB86FEA588}.Debug|Any CPU.Deploy.0 = Debug|Any CPU
		{C0299D8F-EFF5-4070-A083-7DFB86FEA588}.Debug|iPhone.ActiveCfg = Debug|Any CPU
		{C0299D8F-EFF5-4070-A083-7DFB86FEA588}.Debug|iPhone.Build.0 = Debug|Any CPU
		{C0299D8F-EFF5-4070-A083-7DFB86FEA588}.Debug|iPhone.Deploy.0 = Debug|Any CPU
		{C0299D8F-EFF5-4070-A083-7DFB86FEA588}.Debug|iPhoneSimulator.ActiveCfg = Debug|Any CPU
		{C0299D8F-EFF5-4070-A083-7DFB86FEA588}.Debug|iPhoneSimulator.Build.0 = Debug|Any CPU
		{C0299D8F-EFF5-4070-A083-7DFB86FEA588}.Debug|iPhoneSimulator.Deploy.0 = Debug|Any CPU
		{C0299D8F-EFF5-4070-A083-7DFB86FEA588}.Release|Any CPU.ActiveCfg = Release|Any CPU
		{C0299D8F-EFF5-4070-A083-7DFB86FEA588}.Release|Any CPU.Build.0 = Release|Any CPU
		{C0299D8F-EFF5-4070-A083-7DFB86FEA588}.Release|Any CPU.Deploy.0 = Release|Any CPU
		{C0299D8F-EFF5-4070-A083-7DFB86FEA588}.Release|iPhone.ActiveCfg = Release|Any CPU
		{C0299D8F-EFF5-4070-A083-7DFB86FEA588}.Release|iPhone.Build.0 = Release|Any CPU
		{C0299D8F-EFF5-4070-A083-7DFB86FEA588}.Release|iPhone.Deploy.0 = Release|Any CPU
		{C0299D8F-EFF5-4070-A083-7DFB86FEA588}.Release|iPhoneSimulator.ActiveCfg = Release|Any CPU
		{C0299D8F-EFF5-4070-A083-7DFB86FEA588}.Release|iPhoneSimulator.Build.0 = Release|Any CPU
		{C0299D8F-EFF5-4070-A083-7DFB86FEA588}.Release|iPhoneSimulator.Deploy.0 = Release|Any CPU
		{EF88B895-AED3-44DF-9C87-4EC09731D2FD}.Ad-Hoc|Any CPU.ActiveCfg = Ad-Hoc|iPhone
		{EF88B895-AED3-44DF-9C87-4EC09731D2FD}.Ad-Hoc|Any CPU.Build.0 = Ad-Hoc|iPhone
		{EF88B895-AED3-44DF-9C87-4EC09731D2FD}.Ad-Hoc|Any CPU.Deploy.0 = Ad-Hoc|iPhone
		{EF88B895-AED3-44DF-9C87-4EC09731D2FD}.Ad-Hoc|iPhone.ActiveCfg = Ad-Hoc|iPhone
		{EF88B895-AED3-44DF-9C87-4EC09731D2FD}.Ad-Hoc|iPhone.Build.0 = Ad-Hoc|iPhone
		{EF88B895-AED3-44DF-9C87-4EC09731D2FD}.Ad-Hoc|iPhone.Deploy.0 = Ad-Hoc|iPhone
		{EF88B895-AED3-44DF-9C87-4EC09731D2FD}.Ad-Hoc|iPhoneSimulator.ActiveCfg = Ad-Hoc|iPhoneSimulator
		{EF88B895-AED3-44DF-9C87-4EC09731D2FD}.Ad-Hoc|iPhoneSimulator.Build.0 = Ad-Hoc|iPhoneSimulator
		{EF88B895-AED3-44DF-9C87-4EC09731D2FD}.Ad-Hoc|iPhoneSimulator.Deploy.0 = Ad-Hoc|iPhoneSimulator
		{EF88B895-AED3-44DF-9C87-4EC09731D2FD}.AppStore|Any CPU.ActiveCfg = AppStore|iPhone
		{EF88B895-AED3-44DF-9C87-4EC09731D2FD}.AppStore|Any CPU.Build.0 = AppStore|iPhone
		{EF88B895-AED3-44DF-9C87-4EC09731D2FD}.AppStore|Any CPU.Deploy.0 = AppStore|iPhone
		{EF88B895-AED3-44DF-9C87-4EC09731D2FD}.AppStore|iPhone.ActiveCfg = AppStore|iPhone
		{EF88B895-AED3-44DF-9C87-4EC09731D2FD}.AppStore|iPhone.Build.0 = AppStore|iPhone
		{EF88B895-AED3-44DF-9C87-4EC09731D2FD}.AppStore|iPhone.Deploy.0 = AppStore|iPhone
		{EF88B895-AED3-44DF-9C87-4EC09731D2FD}.AppStore|iPhoneSimulator.ActiveCfg = AppStore|iPhoneSimulator
		{EF88B895-AED3-44DF-9C87-4EC09731D2FD}.AppStore|iPhoneSimulator.Build.0 = AppStore|iPhoneSimulator
		{EF88B895-AED3-44DF-9C87-4EC09731D2FD}.AppStore|iPhoneSimulator.Deploy.0 = AppStore|iPhoneSimulator
		{EF88B895-AED3-44DF-9C87-4EC09731D2FD}.Debug|Any CPU.ActiveCfg = Debug|iPhoneSimulator
		{EF88B895-AED3-44DF-9C87-4EC09731D2FD}.Debug|Any CPU.Build.0 = Debug|iPhoneSimulator
		{EF88B895-AED3-44DF-9C87-4EC09731D2FD}.Debug|Any CPU.Deploy.0 = Debug|iPhoneSimulator
		{EF88B895-AED3-44DF-9C87-4EC09731D2FD}.Debug|iPhone.ActiveCfg = Debug|iPhone
		{EF88B895-AED3-44DF-9C87-4EC09731D2FD}.Debug|iPhone.Build.0 = Debug|iPhone
		{EF88B895-AED3-44DF-9C87-4EC09731D2FD}.Debug|iPhone.Deploy.0 = Debug|iPhone
		{EF88B895-AED3-44DF-9C87-4EC09731D2FD}.Debug|iPhoneSimulator.ActiveCfg = Debug|iPhoneSimulator
		{EF88B895-AED3-44DF-9C87-4EC09731D2FD}.Debug|iPhoneSimulator.Build.0 = Debug|iPhoneSimulator
		{EF88B895-AED3-44DF-9C87-4EC09731D2FD}.Debug|iPhoneSimulator.Deploy.0 = Debug|iPhoneSimulator
		{EF88B895-AED3-44DF-9C87-4EC09731D2FD}.Release|Any CPU.ActiveCfg = Release|iPhone
		{EF88B895-AED3-44DF-9C87-4EC09731D2FD}.Release|Any CPU.Build.0 = Release|iPhone
		{EF88B895-AED3-44DF-9C87-4EC09731D2FD}.Release|Any CPU.Deploy.0 = Release|iPhone
		{EF88B895-AED3-44DF-9C87-4EC09731D2FD}.Release|iPhone.ActiveCfg = Release|iPhone
		{EF88B895-AED3-44DF-9C87-4EC09731D2FD}.Release|iPhone.Build.0 = Release|iPhone
		{EF88B895-AED3-44DF-9C87-4EC09731D2FD}.Release|iPhone.Deploy.0 = Release|iPhone
		{EF88B895-AED3-44DF-9C87-4EC09731D2FD}.Release|iPhoneSimulator.ActiveCfg = Release|iPhoneSimulator
		{EF88B895-AED3-44DF-9C87-4EC09731D2FD}.Release|iPhoneSimulator.Build.0 = Release|iPhoneSimulator
		{EF88B895-AED3-44DF-9C87-4EC09731D2FD}.Release|iPhoneSimulator.Deploy.0 = Release|iPhoneSimulator
	EndGlobalSection
	GlobalSection(SolutionProperties) = preSolution
		HideSolutionNode = FALSE
	EndGlobalSection
EndGlobal
